Microsoft Visual Studio Solution File, Format Version 11.00
# Visual Studio 2010
Project("{F184B08F-C81C-45F6-A57F-5ABD9991F28F}") = "UseStrips", "UseStrips\UseStrips.vbproj", "{7FC2F179-A419-4F50-94C6-19FCEE02A54E}"
EndProject
Project("{F184B08F-C81C-45F6-A57F-5ABD9991F28F}") = "UseStrips.Web", "UseStrips.Web\UseStrips.Web.vbproj", "{1074686B-E4E0-441F-A9B1-09A8EDE2F527}"
EndProject
Global
	GlobalSection(SolutionConfigurationPlatforms) = preSolution
		Debug|Any CPU = Debug|Any CPU
		Release|Any CPU = Release|Any CPU
	EndGlobalSection
	GlobalSection(ProjectConfigurationPlatforms) = postSolution
		{7FC2F179-A419-4F50-94C6-19FCEE02A54E}.Debug|Any CPU.ActiveCfg = Debug|Any CPU
		{7FC2F179-A419-4F50-94C6-19FCEE02A54E}.Debug|Any CPU.Build.0 = Debug|Any CPU
		{7FC2F179-A419-4F50-94C6-19FCEE02A54E}.Release|Any CPU.ActiveCfg = Release|Any CPU
		{7FC2F179-A419-4F50-94C6-19FCEE02A54E}.Release|Any CPU.Build.0 = Release|Any CPU
		{1074686B-E4E0-441F-A9B1-09A8EDE2F527}.Debug|Any CPU.ActiveCfg = Debug|Any CPU
		{1074686B-E4E0-441F-A9B1-09A8EDE2F527}.Debug|Any CPU.Build.0 = Debug|Any CPU
		{1074686B-E4E0-441F-A9B1-09A8EDE2F527}.Release|Any CPU.ActiveCfg = Release|Any CPU
		{1074686B-E4E0-441F-A9B1-09A8EDE2F527}.Release|Any CPU.Build.0 = Release|Any CPU
	EndGlobalSection
	GlobalSection(SolutionProperties) = preSolution
		HideSolutionNode = FALSE
	EndGlobalSection
EndGlobal
